
Microsoft Visual Studio Solution File, Format Version 12.00
# Visual Studio Version 17
VisualStudioVersion = 17.3.32825.248
MinimumVisualStudioVersion = 10.0.40219.1
Project("{FAE04EC0-301F-11D3-BF4B-00C04F79EFBC}") = "Zadania 2.2", "Zadania 2.2\Zadania 2.2.csproj", "{B018D75D-6636-4E5A-9CF3-5362C0F96C4E}"
EndProject
Global
	GlobalSection(SolutionConfigurationPlatforms) = preSolution
		Debug|Any CPU = Debug|Any CPU
		Release|Any CPU = Release|Any CPU
	EndGlobalSection
	GlobalSection(ProjectConfigurationPlatforms) = postSolution
		{B018D75D-6636-4E5A-9CF3-5362C0F96C4E}.Debug|Any CPU.ActiveCfg = Debug|Any CPU
		{B018D75D-6636-4E5A-9CF3-5362C0F96C4E}.Debug|Any CPU.Build.0 = Debug|Any CPU
		{B018D75D-6636-4E5A-9CF3-5362C0F96C4E}.Release|Any CPU.ActiveCfg = Release|Any CPU
		{B018D75D-6636-4E5A-9CF3-5362C0F96C4E}.Release|Any CPU.Build.0 = Release|Any CPU
	EndGlobalSection
	GlobalSection(SolutionProperties) = preSolution
		HideSolutionNode = FALSE
	EndGlobalSection
	GlobalSection(ExtensibilityGlobals) = postSolution
		SolutionGuid = {9A4D494B-486F-4F16-A50C-AD688ED2AC27}
	EndGlobalSection
EndGlobal
